
Microsoft Visual Studio Solution File, Format Version 12.00
# Visual Studio 15
VisualStudioVersion = 15.0.28307.489
MinimumVisualStudioVersion = 10.0.40219.1
Project("{FAE04EC0-301F-11D3-BF4B-00C04F79EFBC}") = "WingtipToys", "WingtipToys\WingtipToys.csproj", "{3D7EFF1E-D5C1-40BF-A5F9-E0DAC1F434AC}"
EndProject
Project("{FAE04EC0-301F-11D3-BF4B-00C04F79EFBC}") = "WebApplication1", "WebApplication1\WebApplication1.csproj", "{CD65C32E-BFBB-4EE8-B409-7584D9D9797D}"
EndProject
Global
	GlobalSection(SolutionConfigurationPlatforms) = preSolution
		Debug|Any CPU = Debug|Any CPU
		Release|Any CPU = Release|Any CPU
	EndGlobalSection
	GlobalSection(ProjectConfigurationPlatforms) = postSolution
		{3D7EFF1E-D5C1-40BF-A5F9-E0DAC1F434AC}.Debug|Any CPU.ActiveCfg = Debug|Any CPU
		{3D7EFF1E-D5C1-40BF-A5F9-E0DAC1F434AC}.Debug|Any CPU.Build.0 = Debug|Any CPU
		{3D7EFF1E-D5C1-40BF-A5F9-E0DAC1F434AC}.Release|Any CPU.ActiveCfg = Release|Any CPU
		{3D7EFF1E-D5C1-40BF-A5F9-E0DAC1F434AC}.Release|Any CPU.Build.0 = Release|Any CPU
		{CD65C32E-BFBB-4EE8-B409-7584D9D9797D}.Debug|Any CPU.ActiveCfg = Debug|Any CPU
		{CD65C32E-BFBB-4EE8-B409-7584D9D9797D}.Debug|Any CPU.Build.0 = Debug|Any CPU
		{CD65C32E-BFBB-4EE8-B409-7584D9D9797D}.Release|Any CPU.ActiveCfg = Release|Any CPU
		{CD65C32E-BFBB-4EE8-B409-7584D9D9797D}.Release|Any CPU.Build.0 = Release|Any CPU
	EndGlobalSection
	GlobalSection(SolutionProperties) = preSolution
		HideSolutionNode = FALSE
	EndGlobalSection
	GlobalSection(ExtensibilityGlobals) = postSolution
		SolutionGuid = {75A3DD37-86DF-4C48-96BF-EF3B8644E453}
	EndGlobalSection
EndGlobal
